
Microsoft Visual Studio Solution File, Format Version 12.00
# Visual Studio 15
VisualStudioVersion = 15.0.28010.2019
MinimumVisualStudioVersion = 10.0.40219.1
Project("{FAE04EC0-301F-11D3-BF4B-00C04F79EFBC}") = "XamChat.Android", "XamChat\XamChat.Android\XamChat.Android.csproj", "{FDBE0D7F-A7FA-4ADC-A466-A0B8911D56CE}"
EndProject
Project("{FAE04EC0-301F-11D3-BF4B-00C04F79EFBC}") = "XamChat.iOS", "XamChat\XamChat.iOS\XamChat.iOS.csproj", "{29004BC0-37DD-4925-B60C-DF694239060D}"
EndProject
Project("{FAE04EC0-301F-11D3-BF4B-00C04F79EFBC}") = "XamChat.UWP", "XamChat\XamChat.UWP\XamChat.UWP.csproj", "{A7A4978B-54D7-4A62-B1A9-C4B926D9A427}"
EndProject
Project("{FAE04EC0-301F-11D3-BF4B-00C04F79EFBC}") = "XamChat", "XamChat\XamChat\XamChat.csproj", "{12F85792-847E-45A2-B6D5-ACA3D9ED3E4A}"
EndProject
Project("{FAE04EC0-301F-11D3-BF4B-00C04F79EFBC}") = "XamChat.macOS", "XamChat\XamChat.macOS\XamChat.macOS.csproj", "{AB97B912-1A52-48DF-8219-DCDFF5DA40B9}"
EndProject
Global
	GlobalSection(SolutionConfigurationPlatforms) = preSolution
		Ad-Hoc|Any CPU = Ad-Hoc|Any CPU
		Ad-Hoc|ARM = Ad-Hoc|ARM
		Ad-Hoc|iPhone = Ad-Hoc|iPhone
		Ad-Hoc|iPhoneSimulator = Ad-Hoc|iPhoneSimulator
		Ad-Hoc|x64 = Ad-Hoc|x64
		Ad-Hoc|x86 = Ad-Hoc|x86
		AppStore|Any CPU = AppStore|Any CPU
		AppStore|ARM = AppStore|ARM
		AppStore|iPhone = AppStore|iPhone
		AppStore|iPhoneSimulator = AppStore|iPhoneSimulator
		AppStore|x64 = AppStore|x64
		AppStore|x86 = AppStore|x86
		Debug|Any CPU = Debug|Any CPU
		Debug|ARM = Debug|ARM
		Debug|iPhone = Debug|iPhone
		Debug|iPhoneSimulator = Debug|iPhoneSimulator
		Debug|x64 = Debug|x64
		Debug|x86 = Debug|x86
		Release|Any CPU = Release|Any CPU
		Release|ARM = Release|ARM
		Release|iPhone = Release|iPhone
		Release|iPhoneSimulator = Release|iPhoneSimulator
		Release|x64 = Release|x64
		Release|x86 = Release|x86
	EndGlobalSection
	GlobalSection(ProjectConfigurationPlatforms) = postSolution
		{FDBE0D7F-A7FA-4ADC-A466-A0B8911D56CE}.Ad-Hoc|Any CPU.ActiveCfg = Release|Any CPU
		{FDBE0D7F-A7FA-4ADC-A466-A0B8911D56CE}.Ad-Hoc|Any CPU.Build.0 = Release|Any CPU
		{FDBE0D7F-A7FA-4ADC-A466-A0B8911D56CE}.Ad-Hoc|Any CPU.Deploy.0 = Release|Any CPU
		{FDBE0D7F-A7FA-4ADC-A466-A0B8911D56CE}.Ad-Hoc|ARM.ActiveCfg = Release|Any CPU
		{FDBE0D7F-A7FA-4ADC-A466-A0B8911D56CE}.Ad-Hoc|ARM.Build.0 = Release|Any CPU
		{FDBE0D7F-A7FA-4ADC-A466-A0B8911D56CE}.Ad-Hoc|ARM.Deploy.0 = Release|Any CPU
		{FDBE0D7F-A7FA-4ADC-A466-A0B8911D56CE}.Ad-Hoc|iPhone.ActiveCfg = Release|Any CPU
		{FDBE0D7F-A7FA-4ADC-A466-A0B8911D56CE}.Ad-Hoc|iPhone.Build.0 = Release|Any CPU
		{FDBE0D7F-A7FA-4ADC-A466-A0B8911D56CE}.Ad-Hoc|iPhone.Deploy.0 = Release|Any CPU
		{FDBE0D7F-A7FA-4ADC-A466-A0B8911D56CE}.Ad-Hoc|iPhoneSimulator.ActiveCfg = Release|Any CPU
		{FDBE0D7F-A7FA-4ADC-A466-A0B8911D56CE}.Ad-Hoc|iPhoneSimulator.Build.0 = Release|Any CPU
		{FDBE0D7F-A7FA-4ADC-A466-A0B8911D56CE}.Ad-Hoc|iPhoneSimulator.Deploy.0 = Release|Any CPU
		{FDBE0D7F-A7FA-4ADC-A466-A0B8911D56CE}.Ad-Hoc|x64.ActiveCfg = Release|Any CPU
		{FDBE0D7F-A7FA-4ADC-A466-A0B8911D56CE}.Ad-Hoc|x64.Deploy.0 = Release|Any CPU
		{FDBE0D7F-A7FA-4ADC-A466-A0B8911D56CE}.Ad-Hoc|x86.ActiveCfg = Release|Any CPU
		{FDBE0D7F-A7FA-4ADC-A466-A0B8911D56CE}.AppStore|Any CPU.ActiveCfg = Release|Any CPU
		{FDBE0D7F-A7FA-4ADC-A466-A0B8911D56CE}.AppStore|Any CPU.Build.0 = Release|Any CPU
		{FDBE0D7F-A7FA-4ADC-A466-A0B8911D56CE}.AppStore|Any CPU.Deploy.0 = Release|Any CPU
		{FDBE0D7F-A7FA-4ADC-A466-A0B8911D56CE}.AppStore|ARM.ActiveCfg = Release|Any CPU
		{FDBE0D7F-A7FA-4ADC-A466-A0B8911D56CE}.AppStore|ARM.Build.0 = Release|Any CPU
		{FDBE0D7F-A7FA-4ADC-A466-A0B8911D56CE}.AppStore|ARM.Deploy.0 = Release|Any CPU
		{FDBE0D7F-A7FA-4ADC-A466-A0B8911D56CE}.AppStore|iPhone.ActiveCfg = Release|Any CPU
		{FDBE0D7F-A7FA-4ADC-A466-A0B8911D56CE}.AppStore|iPhone.Build.0 = Release|Any CPU
		{FDBE0D7F-A7FA-4ADC-A466-A0B8911D56CE}.AppStore|iPhone.Deploy.0 = Release|Any CPU
		{FDBE0D7F-A7FA-4ADC-A466-A0B8911D56CE}.AppStore|iPhoneSimulator.ActiveCfg = Release|Any CPU
		{FDBE0D7F-A7FA-4ADC-A466-A0B8911D56CE}.AppStore|iPhoneSimulator.Build.0 = Release|Any CPU
		{FDBE0D7F-A7FA-4ADC-A466-A0B8911D56CE}.AppStore|iPhoneSimulator.Deploy.0 = Release|Any CPU
		{FDBE0D7F-A7FA-4ADC-A466-A0B8911D56CE}.AppStore|x64.ActiveCfg = Release|Any CPU
		{FDBE0D7F-A7FA-4ADC-A466-A0B8911D56CE}.AppStore|x64.Build.0 = Release|Any CPU
		{FDBE0D7F-A7FA-4ADC-A466-A0B8911D56CE}.AppStore|x64.Deploy.0 = Release|Any CPU
		{FDBE0D7F-A7FA-4ADC-A466-A0B8911D56CE}.AppStore|x86.ActiveCfg = Release|Any CPU
		{FDBE0D7F-A7FA-4ADC-A466-A0B8911D56CE}.AppStore|x86.Build.0 = Release|Any CPU
		{FDBE0D7F-A7FA-4ADC-A466-A0B8911D56CE}.AppStore|x86.Deploy.0 = Release|Any CPU
		{FDBE0D7F-A7FA-4ADC-A466-A0B8911D56CE}.Debug|Any CPU.ActiveCfg = Debug|Any CPU
		{FDBE0D7F-A7FA-4ADC-A466-A0B8911D56CE}.Debug|Any CPU.Build.0 = Debug|Any CPU
		{FDBE0D7F-A7FA-4ADC-A466-A0B8911D56CE}.Debug|Any CPU.Deploy.0 = Debug|Any CPU
		{FDBE0D7F-A7FA-4ADC-A466-A0B8911D56CE}.Debug|ARM.ActiveCfg = Debug|Any CPU
		{FDBE0D7F-A7FA-4ADC-A466-A0B8911D56CE}.Debug|ARM.Build.0 = Debug|Any CPU
		{FDBE0D7F-A7FA-4ADC-A466-A0B8911D56CE}.Debug|ARM.Deploy.0 = Debug|Any CPU
		{FDBE0D7F-A7FA-4ADC-A466-A0B8911D56CE}.Debug|iPhone.ActiveCfg = Debug|Any CPU
		{FDBE0D7F-A7FA-4ADC-A466-A0B8911D56CE}.Debug|iPhone.Build.0 = Debug|Any CPU
		{FDBE0D7F-A7FA-4ADC-A466-A0B8911D56CE}.Debug|iPhone.Deploy.0 = Debug|Any CPU
		{FDBE0D7F-A7FA-4ADC-A466-A0B8911D56CE}.Debug|iPhoneSimulator.ActiveCfg = Debug|Any CPU
		{FDBE0D7F-A7FA-4ADC-A466-A0B8911D56CE}.Debug|iPhoneSimulator.Build.0 = Debug|Any CPU
		{FDBE0D7F-A7FA-4ADC-A466-A0B8911D56CE}.Debug|iPhoneSimulator.Deploy.0 = Debug|Any CPU
		{FDBE0D7F-A7FA-4ADC-A466-A0B8911D56CE}.Debug|x64.ActiveCfg = Debug|Any CPU
		{FDBE0D7F-A7FA-4ADC-A466-A0B8911D56CE}.Debug|x64.Build.0 = Debug|Any CPU
		{FDBE0D7F-A7FA-4ADC-A466-A0B8911D56CE}.Debug|x64.Deploy.0 = Debug|Any CPU
		{FDBE0D7F-A7FA-4ADC-A466-A0B8911D56CE}.Debug|x86.ActiveCfg = Debug|Any CPU
		{FDBE0D7F-A7FA-4ADC-A466-A0B8911D56CE}.Release|Any CPU.ActiveCfg = Release|Any CPU
		{FDBE0D7F-A7FA-4ADC-A466-A0B8911D56CE}.Release|Any CPU.Build.0 = Release|Any CPU
		{FDBE0D7F-A7FA-4ADC-A466-A0B8911D56CE}.Release|Any CPU.Deploy.0 = Release|Any CPU
		{FDBE0D7F-A7FA-4ADC-A466-A0B8911D56CE}.Release|ARM.ActiveCfg = Release|Any CPU
		{FDBE0D7F-A7FA-4ADC-A466-A0B8911D56CE}.Release|ARM.Build.0 = Release|Any CPU
		{FDBE0D7F-A7FA-4ADC-A466-A0B8911D56CE}.Release|ARM.Deploy.0 = Release|Any CPU
		{FDBE0D7F-A7FA-4ADC-A466-A0B8911D56CE}.Release|iPhone.ActiveCfg = Release|Any CPU
		{FDBE0D7F-A7FA-4ADC-A466-A0B8911D56CE}.Release|iPhone.Build.0 = Release|Any CPU
		{FDBE0D7F-A7FA-4ADC-A466-A0B8911D56CE}.Release|iPhone.Deploy.0 = Release|Any CPU
		{FDBE0D7F-A7FA-4ADC-A466-A0B8911D56CE}.Release|iPhoneSimulator.ActiveCfg = Release|Any CPU
		{FDBE0D7F-A7FA-4ADC-A466-A0B8911D56CE}.Release|iPhoneSimulator.Build.0 = Release|Any CPU
		{FDBE0D7F-A7FA-4ADC-A466-A0B8911D56CE}.Release|iPhoneSimulator.Deploy.0 = Release|Any CPU
		{FDBE0D7F-A7FA-4ADC-A466-A0B8911D56CE}.Release|x64.ActiveCfg = Release|Any CPU
		{FDBE0D7F-A7FA-4ADC-A466-A0B8911D56CE}.Release|x64.Build.0 = Release|Any CPU
		{FDBE0D7F-A7FA-4ADC-A466-A0B8911D56CE}.Release|x64.Deploy.0 = Release|Any CPU
		{FDBE0D7F-A7FA-4ADC-A466-A0B8911D56CE}.Release|x86.ActiveCfg = Release|Any CPU
		{FDBE0D7F-A7FA-4ADC-A466-A0B8911D56CE}.Release|x86.Build.0 = Release|Any CPU
		{FDBE0D7F-A7FA-4ADC-A466-A0B8911D56CE}.Release|x86.Deploy.0 = Release|Any CPU
		{29004BC0-37DD-4925-B60C-DF694239060D}.Ad-Hoc|Any CPU.ActiveCfg = Ad-Hoc|iPhone
		{29004BC0-37DD-4925-B60C-DF694239060D}.Ad-Hoc|Any CPU.Build.0 = Ad-Hoc|iPhone
		{29004BC0-37DD-4925-B60C-DF694239060D}.Ad-Hoc|Any CPU.Deploy.0 = Ad-Hoc|iPhone
		{29004BC0-37DD-4925-B60C-DF694239060D}.Ad-Hoc|ARM.ActiveCfg = Ad-Hoc|iPhone
		{29004BC0-37DD-4925-B60C-DF694239060D}.Ad-Hoc|ARM.Build.0 = Ad-Hoc|iPhone
		{29004BC0-37DD-4925-B60C-DF694239060D}.Ad-Hoc|ARM.Deploy.0 = Ad-Hoc|iPhone
		{29004BC0-37DD-4925-B60C-DF694239060D}.Ad-Hoc|iPhone.ActiveCfg = Ad-Hoc|iPhone
		{29004BC0-37DD-4925-B60C-DF694239060D}.Ad-Hoc|iPhone.Build.0 = Ad-Hoc|iPhone
		{29004BC0-37DD-4925-B60C-DF694239060D}.Ad-Hoc|iPhone.Deploy.0 = Ad-Hoc|iPhone
		{29004BC0-37DD-4925-B60C-DF694239060D}.Ad-Hoc|iPhoneSimulator.ActiveCfg = Ad-Hoc|iPhoneSimulator
		{29004BC0-37DD-4925-B60C-DF694239060D}.Ad-Hoc|iPhoneSimulator.Build.0 = Ad-Hoc|iPhoneSimulator
		{29004BC0-37DD-4925-B60C-DF694239060D}.Ad-Hoc|iPhoneSimulator.Deploy.0 = Ad-Hoc|iPhoneSimulator
		{29004BC0-37DD-4925-B60C-DF694239060D}.Ad-Hoc|x64.ActiveCfg = Ad-Hoc|iPhone
		{29004BC0-37DD-4925-B60C-DF694239060D}.Ad-Hoc|x64.Build.0 = Ad-Hoc|iPhone
		{29004BC0-37DD-4925-B60C-DF694239060D}.Ad-Hoc|x64.Deploy.0 = Ad-Hoc|iPhone
		{29004BC0-37DD-4925-B60C-DF694239060D}.Ad-Hoc|x86.ActiveCfg = Ad-Hoc|iPhone
		{29004BC0-37DD-4925-B60C-DF694239060D}.Ad-Hoc|x86.Build.0 = Ad-Hoc|iPhone
		{29004BC0-37DD-4925-B60C-DF694239060D}.Ad-Hoc|x86.Deploy.0 = Ad-Hoc|iPhone
		{29004BC0-37DD-4925-B60C-DF694239060D}.AppStore|Any CPU.ActiveCfg = AppStore|iPhone
		{29004BC0-37DD-4925-B60C-DF694239060D}.AppStore|Any CPU.Build.0 = AppStore|iPhone
		{29004BC0-37DD-4925-B60C-DF694239060D}.AppStore|Any CPU.Deploy.0 = AppStore|iPhone
		{29004BC0-37DD-4925-B60C-DF694239060D}.AppStore|ARM.ActiveCfg = AppStore|iPhone
		{29004BC0-37DD-4925-B60C-DF694239060D}.AppStore|ARM.Build.0 = AppStore|iPhone
		{29004BC0-37DD-4925-B60C-DF694239060D}.AppStore|ARM.Deploy.0 = AppStore|iPhone
		{29004BC0-37DD-4925-B60C-DF694239060D}.AppStore|iPhone.ActiveCfg = AppStore|iPhone
		{29004BC0-37DD-4925-B60C-DF694239060D}.AppStore|iPhone.Build.0 = AppStore|iPhone
		{29004BC0-37DD-4925-B60C-DF694239060D}.AppStore|iPhone.Deploy.0 = AppStore|iPhone
		{29004BC0-37DD-4925-B60C-DF694239060D}.AppStore|iPhoneSimulator.ActiveCfg = AppStore|iPhoneSimulator
		{29004BC0-37DD-4925-B60C-DF694239060D}.AppStore|iPhoneSimulator.Build.0 = AppStore|iPhoneSimulator
		{29004BC0-37DD-4925-B60C-DF694239060D}.AppStore|iPhoneSimulator.Deploy.0 = AppStore|iPhoneSimulator
		{29004BC0-37DD-4925-B60C-DF694239060D}.AppStore|x64.ActiveCfg = AppStore|iPhone
		{29004BC0-37DD-4925-B60C-DF694239060D}.AppStore|x64.Build.0 = AppStore|iPhone
		{29004BC0-37DD-4925-B60C-DF694239060D}.AppStore|x64.Deploy.0 = AppStore|iPhone
		{29004BC0-37DD-4925-B60C-DF694239060D}.AppStore|x86.ActiveCfg = AppStore|iPhone
		{29004BC0-37DD-4925-B60C-DF694239060D}.AppStore|x86.Build.0 = AppStore|iPhone
		{29004BC0-37DD-4925-B60C-DF694239060D}.AppStore|x86.Deploy.0 = AppStore|iPhone
		{29004BC0-37DD-4925-B60C-DF694239060D}.Debug|Any CPU.ActiveCfg = Debug|iPhoneSimulator
		{29004BC0-37DD-4925-B60C-DF694239060D}.Debug|Any CPU.Build.0 = Debug|iPhoneSimulator
		{29004BC0-37DD-4925-B60C-DF694239060D}.Debug|Any CPU.Deploy.0 = Debug|iPhoneSimulator
		{29004BC0-37DD-4925-B60C-DF694239060D}.Debug|ARM.ActiveCfg = Debug|iPhone
		{29004BC0-37DD-4925-B60C-DF694239060D}.Debug|ARM.Build.0 = Debug|iPhone
		{29004BC0-37DD-4925-B60C-DF694239060D}.Debug|ARM.Deploy.0 = Debug|iPhone
		{29004BC0-37DD-4925-B60C-DF694239060D}.Debug|iPhone.ActiveCfg = Debug|iPhone
		{29004BC0-37DD-4925-B60C-DF694239060D}.Debug|iPhone.Build.0 = Debug|iPhone
		{29004BC0-37DD-4925-B60C-DF694239060D}.Debug|iPhone.Deploy.0 = Debug|iPhone
		{29004BC0-37DD-4925-B60C-DF694239060D}.Debug|iPhoneSimulator.ActiveCfg = Debug|iPhoneSimulator
		{29004BC0-37DD-4925-B60C-DF694239060D}.Debug|iPhoneSimulator.Build.0 = Debug|iPhoneSimulator
		{29004BC0-37DD-4925-B60C-DF694239060D}.Debug|iPhoneSimulator.Deploy.0 = Debug|iPhoneSimulator
		{29004BC0-37DD-4925-B60C-DF694239060D}.Debug|x64.ActiveCfg = Debug|iPhone
		{29004BC0-37DD-4925-B60C-DF694239060D}.Debug|x64.Build.0 = Debug|iPhone
		{29004BC0-37DD-4925-B60C-DF694239060D}.Debug|x64.Deploy.0 = Debug|iPhone
		{29004BC0-37DD-4925-B60C-DF694239060D}.Debug|x86.ActiveCfg = Debug|iPhone
		{29004BC0-37DD-4925-B60C-DF694239060D}.Debug|x86.Deploy.0 = Debug|iPhone
		{29004BC0-37DD-4925-B60C-DF694239060D}.Release|Any CPU.ActiveCfg = Release|iPhone
		{29004BC0-37DD-4925-B60C-DF694239060D}.Release|Any CPU.Build.0 = Release|iPhone
		{29004BC0-37DD-4925-B60C-DF694239060D}.Release|Any CPU.Deploy.0 = Release|iPhone
		{29004BC0-37DD-4925-B60C-DF694239060D}.Release|ARM.ActiveCfg = Release|iPhone
		{29004BC0-37DD-4925-B60C-DF694239060D}.Release|ARM.Build.0 = Release|iPhone
		{29004BC0-37DD-4925-B60C-DF694239060D}.Release|ARM.Deploy.0 = Release|iPhone
		{29004BC0-37DD-4925-B60C-DF694239060D}.Release|iPhone.ActiveCfg = Release|iPhone
		{29004BC0-37DD-4925-B60C-DF694239060D}.Release|iPhone.Build.0 = Release|iPhone
		{29004BC0-37DD-4925-B60C-DF694239060D}.Release|iPhone.Deploy.0 = Release|iPhone
		{29004BC0-37DD-4925-B60C-DF694239060D}.Release|iPhoneSimulator.ActiveCfg = Release|iPhoneSimulator
		{29004BC0-37DD-4925-B60C-DF694239060D}.Release|iPhoneSimulator.Build.0 = Release|iPhoneSimulator
		{29004BC0-37DD-4925-B60C-DF694239060D}.Release|iPhoneSimulator.Deploy.0 = Release|iPhoneSimulator
		{29004BC0-37DD-4925-B60C-DF694239060D}.Release|x64.ActiveCfg = Release|iPhone
		{29004BC0-37DD-4925-B60C-DF694239060D}.Release|x64.Build.0 = Release|iPhone
		{29004BC0-37DD-4925-B60C-DF694239060D}.Release|x64.Deploy.0 = Release|iPhone
		{29004BC0-37DD-4925-B60C-DF694239060D}.Release|x86.ActiveCfg = Release|iPhone
		{29004BC0-37DD-4925-B60C-DF694239060D}.Release|x86.Build.0 = Release|iPhone
		{29004BC0-37DD-4925-B60C-DF694239060D}.Release|x86.Deploy.0 = Release|iPhone
		{A7A4978B-54D7-4A62-B1A9-C4B926D9A427}.Ad-Hoc|Any CPU.ActiveCfg = Release|x86
		{A7A4978B-54D7-4A62-B1A9-C4B926D9A427}.Ad-Hoc|Any CPU.Build.0 = Release|x86
		{A7A4978B-54D7-4A62-B1A9-C4B926D9A427}.Ad-Hoc|Any CPU.Deploy.0 = Release|x86
		{A7A4978B-54D7-4A62-B1A9-C4B926D9A427}.Ad-Hoc|ARM.ActiveCfg = Release|ARM
		{A7A4978B-54D7-4A62-B1A9-C4B926D9A427}.Ad-Hoc|ARM.Build.0 = Release|ARM
		{A7A4978B-54D7-4A62-B1A9-C4B926D9A427}.Ad-Hoc|ARM.Deploy.0 = Release|ARM
		{A7A4978B-54D7-4A62-B1A9-C4B926D9A427}.Ad-Hoc|iPhone.ActiveCfg = Release|x86
		{A7A4978B-54D7-4A62-B1A9-C4B926D9A427}.Ad-Hoc|iPhone.Build.0 = Release|x86
		{A7A4978B-54D7-4A62-B1A9-C4B926D9A427}.Ad-Hoc|iPhone.Deploy.0 = Release|x86
		{A7A4978B-54D7-4A62-B1A9-C4B926D9A427}.Ad-Hoc|iPhoneSimulator.ActiveCfg = Release|x86
		{A7A4978B-54D7-4A62-B1A9-C4B926D9A427}.Ad-Hoc|iPhoneSimulator.Build.0 = Release|x86
		{A7A4978B-54D7-4A62-B1A9-C4B926D9A427}.Ad-Hoc|iPhoneSimulator.Deploy.0 = Release|x86
		{A7A4978B-54D7-4A62-B1A9-C4B926D9A427}.Ad-Hoc|x64.ActiveCfg = Release|x64
		{A7A4978B-54D7-4A62-B1A9-C4B926D9A427}.Ad-Hoc|x64.Build.0 = Release|x64
		{A7A4978B-54D7-4A62-B1A9-C4B926D9A427}.Ad-Hoc|x64.Deploy.0 = Release|x64
		{A7A4978B-54D7-4A62-B1A9-C4B926D9A427}.Ad-Hoc|x86.ActiveCfg = Release|x86
		{A7A4978B-54D7-4A62-B1A9-C4B926D9A427}.Ad-Hoc|x86.Build.0 = Release|x86
		{A7A4978B-54D7-4A62-B1A9-C4B926D9A427}.Ad-Hoc|x86.Deploy.0 = Release|x86
		{A7A4978B-54D7-4A62-B1A9-C4B926D9A427}.AppStore|Any CPU.ActiveCfg = Release|x86
		{A7A4978B-54D7-4A62-B1A9-C4B926D9A427}.AppStore|Any CPU.Build.0 = Release|x86
		{A7A4978B-54D7-4A62-B1A9-C4B926D9A427}.AppStore|Any CPU.Deploy.0 = Release|x86
		{A7A4978B-54D7-4A62-B1A9-C4B926D9A427}.AppStore|ARM.ActiveCfg = Release|ARM
		{A7A4978B-54D7-4A62-B1A9-C4B926D9A427}.AppStore|ARM.Build.0 = Release|ARM
		{A7A4978B-54D7-4A62-B1A9-C4B926D9A427}.AppStore|ARM.Deploy.0 = Release|ARM
		{A7A4978B-54D7-4A62-B1A9-C4B926D9A427}.AppStore|iPhone.ActiveCfg = Release|x86
		{A7A4978B-54D7-4A62-B1A9-C4B926D9A427}.AppStore|iPhone.Build.0 = Release|x86
		{A7A4978B-54D7-4A62-B1A9-C4B926D9A427}.AppStore|iPhone.Deploy.0 = Release|x86
		{A7A4978B-54D7-4A62-B1A9-C4B926D9A427}.AppStore|iPhoneSimulator.ActiveCfg = Release|x86
		{A7A4978B-54D7-4A62-B1A9-C4B926D9A427}.AppStore|iPhoneSimulator.Build.0 = Release|x86
		{A7A4978B-54D7-4A62-B1A9-C4B926D9A427}.AppStore|iPhoneSimulator.Deploy.0 = Release|x86
		{A7A4978B-54D7-4A62-B1A9-C4B926D9A427}.AppStore|x64.ActiveCfg = Release|x64
		{A7A4978B-54D7-4A62-B1A9-C4B926D9A427}.AppStore|x64.Build.0 = Release|x64
		{A7A4978B-54D7-4A62-B1A9-C4B926D9A427}.AppStore|x64.Deploy.0 = Release|x64
		{A7A4978B-54D7-4A62-B1A9-C4B926D9A427}.AppStore|x86.ActiveCfg = Release|x86
		{A7A4978B-54D7-4A62-B1A9-C4B926D9A427}.AppStore|x86.Build.0 = Release|x86
		{A7A4978B-54D7-4A62-B1A9-C4B926D9A427}.AppStore|x86.Deploy.0 = Release|x86
		{A7A4978B-54D7-4A62-B1A9-C4B926D9A427}.Debug|Any CPU.ActiveCfg = Debug|x86
		{A7A4978B-54D7-4A62-B1A9-C4B926D9A427}.Debug|Any CPU.Build.0 = Debug|x86
		{A7A4978B-54D7-4A62-B1A9-C4B926D9A427}.Debug|Any CPU.Deploy.0 = Debug|x86
		{A7A4978B-54D7-4A62-B1A9-C4B926D9A427}.Debug|ARM.ActiveCfg = Debug|ARM
		{A7A4978B-54D7-4A62-B1A9-C4B926D9A427}.Debug|ARM.Build.0 = Debug|ARM
		{A7A4978B-54D7-4A62-B1A9-C4B926D9A427}.Debug|ARM.Deploy.0 = Debug|ARM
		{A7A4978B-54D7-4A62-B1A9-C4B926D9A427}.Debug|iPhone.ActiveCfg = Debug|x86
		{A7A4978B-54D7-4A62-B1A9-C4B926D9A427}.Debug|iPhone.Build.0 = Debug|x86
		{A7A4978B-54D7-4A62-B1A9-C4B926D9A427}.Debug|iPhone.Deploy.0 = Debug|x86
		{A7A4978B-54D7-4A62-B1A9-C4B926D9A427}.Debug|iPhoneSimulator.ActiveCfg = Debug|x86
		{A7A4978B-54D7-4A62-B1A9-C4B926D9A427}.Debug|iPhoneSimulator.Build.0 = Debug|x86
		{A7A4978B-54D7-4A62-B1A9-C4B926D9A427}.Debug|iPhoneSimulator.Deploy.0 = Debug|x86
		{A7A4978B-54D7-4A62-B1A9-C4B926D9A427}.Debug|x64.ActiveCfg = Debug|x64
		{A7A4978B-54D7-4A62-B1A9-C4B926D9A427}.Debug|x64.Build.0 = Debug|x64
		{A7A4978B-54D7-4A62-B1A9-C4B926D9A427}.Debug|x64.Deploy.0 = Debug|x64
		{A7A4978B-54D7-4A62-B1A9-C4B926D9A427}.Debug|x86.ActiveCfg = Debug|x86
		{A7A4978B-54D7-4A62-B1A9-C4B926D9A427}.Debug|x86.Build.0 = Debug|x86
		{A7A4978B-54D7-4A62-B1A9-C4B926D9A427}.Debug|x86.Deploy.0 = Debug|x86
		{A7A4978B-54D7-4A62-B1A9-C4B926D9A427}.Release|Any CPU.ActiveCfg = Release|x86
		{A7A4978B-54D7-4A62-B1A9-C4B926D9A427}.Release|Any CPU.Build.0 = Release|x86
		{A7A4978B-54D7-4A62-B1A9-C4B926D9A427}.Release|Any CPU.Deploy.0 = Release|x86
		{A7A4978B-54D7-4A62-B1A9-C4B926D9A427}.Release|ARM.ActiveCfg = Release|ARM
		{A7A4978B-54D7-4A62-B1A9-C4B926D9A427}.Release|ARM.Build.0 = Release|ARM
		{A7A4978B-54D7-4A62-B1A9-C4B926D9A427}.Release|ARM.Deploy.0 = Release|ARM
		{A7A4978B-54D7-4A62-B1A9-C4B926D9A427}.Release|iPhone.ActiveCfg = Release|x86
		{A7A4978B-54D7-4A62-B1A9-C4B926D9A427}.Release|iPhone.Build.0 = Release|x86
		{A7A4978B-54D7-4A62-B1A9-C4B926D9A427}.Release|iPhone.Deploy.0 = Release|x86
		{A7A4978B-54D7-4A62-B1A9-C4B926D9A427}.Release|iPhoneSimulator.ActiveCfg = Release|x86
		{A7A4978B-54D7-4A62-B1A9-C4B926D9A427}.Release|iPhoneSimulator.Build.0 = Release|x86
		{A7A4978B-54D7-4A62-B1A9-C4B926D9A427}.Release|iPhoneSimulator.Deploy.0 = Release|x86
		{A7A4978B-54D7-4A62-B1A9-C4B926D9A427}.Release|x64.ActiveCfg = Release|x64
		{A7A4978B-54D7-4A62-B1A9-C4B926D9A427}.Release|x64.Build.0 = Release|x64
		{A7A4978B-54D7-4A62-B1A9-C4B926D9A427}.Release|x64.Deploy.0 = Release|x64
		{A7A4978B-54D7-4A62-B1A9-C4B926D9A427}.Release|x86.ActiveCfg = Release|x86
		{A7A4978B-54D7-4A62-B1A9-C4B926D9A427}.Release|x86.Build.0 = Release|x86
		{A7A4978B-54D7-4A62-B1A9-C4B926D9A427}.Release|x86.Deploy.0 = Release|x86
		{12F85792-847E-45A2-B6D5-ACA3D9ED3E4A}.Ad-Hoc|Any CPU.ActiveCfg = Debug|Any CPU
		{12F85792-847E-45A2-B6D5-ACA3D9ED3E4A}.Ad-Hoc|Any CPU.Build.0 = Debug|Any CPU
		{12F85792-847E-45A2-B6D5-ACA3D9ED3E4A}.Ad-Hoc|Any CPU.Deploy.0 = Debug|Any CPU
		{12F85792-847E-45A2-B6D5-ACA3D9ED3E4A}.Ad-Hoc|ARM.ActiveCfg = Debug|Any CPU
		{12F85792-847E-45A2-B6D5-ACA3D9ED3E4A}.Ad-Hoc|ARM.Build.0 = Debug|Any CPU
		{12F85792-847E-45A2-B6D5-ACA3D9ED3E4A}.Ad-Hoc|ARM.Deploy.0 = Debug|Any CPU
		{12F85792-847E-45A2-B6D5-ACA3D9ED3E4A}.Ad-Hoc|iPhone.ActiveCfg = Debug|Any CPU
		{12F85792-847E-45A2-B6D5-ACA3D9ED3E4A}.Ad-Hoc|iPhone.Build.0 = Debug|Any CPU
		{12F85792-847E-45A2-B6D5-ACA3D9ED3E4A}.Ad-Hoc|iPhone.Deploy.0 = Debug|Any CPU
		{12F85792-847E-45A2-B6D5-ACA3D9ED3E4A}.Ad-Hoc|iPhoneSimulator.ActiveCfg = Debug|Any CPU
		{12F85792-847E-45A2-B6D5-ACA3D9ED3E4A}.Ad-Hoc|iPhoneSimulator.Build.0 = Debug|Any CPU
		{12F85792-847E-45A2-B6D5-ACA3D9ED3E4A}.Ad-Hoc|iPhoneSimulator.Deploy.0 = Debug|Any CPU
		{12F85792-847E-45A2-B6D5-ACA3D9ED3E4A}.Ad-Hoc|x64.ActiveCfg = Debug|Any CPU
		{12F85792-847E-45A2-B6D5-ACA3D9ED3E4A}.Ad-Hoc|x64.Build.0 = Debug|Any CPU
		{12F85792-847E-45A2-B6D5-ACA3D9ED3E4A}.Ad-Hoc|x64.Deploy.0 = Debug|Any CPU
		{12F85792-847E-45A2-B6D5-ACA3D9ED3E4A}.Ad-Hoc|x86.ActiveCfg = Debug|Any CPU
		{12F85792-847E-45A2-B6D5-ACA3D9ED3E4A}.Ad-Hoc|x86.Build.0 = Debug|Any CPU
		{12F85792-847E-45A2-B6D5-ACA3D9ED3E4A}.Ad-Hoc|x86.Deploy.0 = Debug|Any CPU
		{12F85792-847E-45A2-B6D5-ACA3D9ED3E4A}.AppStore|Any CPU.ActiveCfg = Debug|Any CPU
		{12F85792-847E-45A2-B6D5-ACA3D9ED3E4A}.AppStore|Any CPU.Build.0 = Debug|Any CPU
		{12F85792-847E-45A2-B6D5-ACA3D9ED3E4A}.AppStore|Any CPU.Deploy.0 = Debug|Any CPU
		{12F85792-847E-45A2-B6D5-ACA3D9ED3E4A}.AppStore|ARM.ActiveCfg = Debug|Any CPU
		{12F85792-847E-45A2-B6D5-ACA3D9ED3E4A}.AppStore|ARM.Build.0 = Debug|Any CPU
		{12F85792-847E-45A2-B6D5-ACA3D9ED3E4A}.AppStore|ARM.Deploy.0 = Debug|Any CPU
		{12F85792-847E-45A2-B6D5-ACA3D9ED3E4A}.AppStore|iPhone.ActiveCfg = Debug|Any CPU
		{12F85792-847E-45A2-B6D5-ACA3D9ED3E4A}.AppStore|iPhone.Build.0 = Debug|Any CPU
		{12F85792-847E-45A2-B6D5-ACA3D9ED3E4A}.AppStore|iPhone.Deploy.0 = Debug|Any CPU
		{12F85792-847E-45A2-B6D5-ACA3D9ED3E4A}.AppStore|iPhoneSimulator.ActiveCfg = Debug|Any CPU
		{12F85792-847E-45A2-B6D5-ACA3D9ED3E4A}.AppStore|iPhoneSimulator.Build.0 = Debug|Any CPU
		{12F85792-847E-45A2-B6D5-ACA3D9ED3E4A}.AppStore|iPhoneSimulator.Deploy.0 = Debug|Any CPU
		{12F85792-847E-45A2-B6D5-ACA3D9ED3E4A}.AppStore|x64.ActiveCfg = Debug|Any CPU
		{12F85792-847E-45A2-B6D5-ACA3D9ED3E4A}.AppStore|x64.Build.0 = Debug|Any CPU
		{12F85792-847E-45A2-B6D5-ACA3D9ED3E4A}.AppStore|x64.Deploy.0 = Debug|Any CPU
		{12F85792-847E-45A2-B6D5-ACA3D9ED3E4A}.AppStore|x86.ActiveCfg = Debug|Any CPU
		{12F85792-847E-45A2-B6D5-ACA3D9ED3E4A}.AppStore|x86.Build.0 = Debug|Any CPU
		{12F85792-847E-45A2-B6D5-ACA3D9ED3E4A}.AppStore|x86.Deploy.0 = Debug|Any CPU
		{12F85792-847E-45A2-B6D5-ACA3D9ED3E4A}.Debug|Any CPU.ActiveCfg = Debug|Any CPU
		{12F85792-847E-45A2-B6D5-ACA3D9ED3E4A}.Debug|Any CPU.Build.0 = Debug|Any CPU
		{12F85792-847E-45A2-B6D5-ACA3D9ED3E4A}.Debug|Any CPU.Deploy.0 = Debug|Any CPU
		{12F85792-847E-45A2-B6D5-ACA3D9ED3E4A}.Debug|ARM.ActiveCfg = Debug|Any CPU
		{12F85792-847E-45A2-B6D5-ACA3D9ED3E4A}.Debug|ARM.Build.0 = Debug|Any CPU
		{12F85792-847E-45A2-B6D5-ACA3D9ED3E4A}.Debug|ARM.Deploy.0 = Debug|Any CPU
		{12F85792-847E-45A2-B6D5-ACA3D9ED3E4A}.Debug|iPhone.ActiveCfg = Debug|Any CPU
		{12F85792-847E-45A2-B6D5-ACA3D9ED3E4A}.Debug|iPhone.Build.0 = Debug|Any CPU
		{12F85792-847E-45A2-B6D5-ACA3D9ED3E4A}.Debug|iPhone.Deploy.0 = Debug|Any CPU
		{12F85792-847E-45A2-B6D5-ACA3D9ED3E4A}.Debug|iPhoneSimulator.ActiveCfg = Debug|Any CPU
		{12F85792-847E-45A2-B6D5-ACA3D9ED3E4A}.Debug|iPhoneSimulator.Build.0 = Debug|Any CPU
		{12F85792-847E-45A2-B6D5-ACA3D9ED3E4A}.Debug|iPhoneSimulator.Deploy.0 = Debug|Any CPU
		{12F85792-847E-45A2-B6D5-ACA3D9ED3E4A}.Debug|x64.ActiveCfg = Debug|Any CPU
		{12F85792-847E-45A2-B6D5-ACA3D9ED3E4A}.Debug|x64.Build.0 = Debug|Any CPU
		{12F85792-847E-45A2-B6D5-ACA3D9ED3E4A}.Debug|x64.Deploy.0 = Debug|Any CPU
		{12F85792-847E-45A2-B6D5-ACA3D9ED3E4A}.Debug|x86.ActiveCfg = Debug|Any CPU
		{12F85792-847E-45A2-B6D5-ACA3D9ED3E4A}.Debug|x86.Build.0 = Debug|Any CPU
		{12F85792-847E-45A2-B6D5-ACA3D9ED3E4A}.Debug|x86.Deploy.0 = Debug|Any CPU
		{12F85792-847E-45A2-B6D5-ACA3D9ED3E4A}.Release|Any CPU.ActiveCfg = Release|Any CPU
		{12F85792-847E-45A2-B6D5-ACA3D9ED3E4A}.Release|Any CPU.Build.0 = Release|Any CPU
		{12F85792-847E-45A2-B6D5-ACA3D9ED3E4A}.Release|Any CPU.Deploy.0 = Release|Any CPU
		{12F85792-847E-45A2-B6D5-ACA3D9ED3E4A}.Release|ARM.ActiveCfg = Release|Any CPU
		{12F85792-847E-45A2-B6D5-ACA3D9ED3E4A}.Release|ARM.Build.0 = Release|Any CPU
		{12F85792-847E-45A2-B6D5-ACA3D9ED3E4A}.Release|ARM.Deploy.0 = Release|Any CPU
		{12F85792-847E-45A2-B6D5-ACA3D9ED3E4A}.Release|iPhone.ActiveCfg = Release|Any CPU
		{12F85792-847E-45A2-B6D5-ACA3D9ED3E4A}.Release|iPhone.Build.0 = Release|Any CPU
		{12F85792-847E-45A2-B6D5-ACA3D9ED3E4A}.Release|iPhone.Deploy.0 = Release|Any CPU
		{12F85792-847E-45A2-B6D5-ACA3D9ED3E4A}.Release|iPhoneSimulator.ActiveCfg = Release|Any CPU
		{12F85792-847E-45A2-B6D5-ACA3D9ED3E4A}.Release|iPhoneSimulator.Build.0 = Release|Any CPU
		{12F85792-847E-45A2-B6D5-ACA3D9ED3E4A}.Release|iPhoneSimulator.Deploy.0 = Release|Any CPU
		{12F85792-847E-45A2-B6D5-ACA3D9ED3E4A}.Release|x64.ActiveCfg = Release|Any CPU
		{12F85792-847E-45A2-B6D5-ACA3D9ED3E4A}.Release|x64.Build.0 = Release|Any CPU
		{12F85792-847E-45A2-B6D5-ACA3D9ED3E4A}.Release|x64.Deploy.0 = Release|Any CPU
		{12F85792-847E-45A2-B6D5-ACA3D9ED3E4A}.Release|x86.ActiveCfg = Release|Any CPU
		{12F85792-847E-45A2-B6D5-ACA3D9ED3E4A}.Release|x86.Build.0 = Release|Any CPU
		{12F85792-847E-45A2-B6D5-ACA3D9ED3E4A}.Release|x86.Deploy.0 = Release|Any CPU
		{AB97B912-1A52-48DF-8219-DCDFF5DA40B9}.Ad-Hoc|Any CPU.ActiveCfg = Release|Any CPU
		{AB97B912-1A52-48DF-8219-DCDFF5DA40B9}.Ad-Hoc|Any CPU.Build.0 = Release|Any CPU
		{AB97B912-1A52-48DF-8219-DCDFF5DA40B9}.Ad-Hoc|ARM.ActiveCfg = Release|Any CPU
		{AB97B912-1A52-48DF-8219-DCDFF5DA40B9}.Ad-Hoc|ARM.Build.0 = Release|Any CPU
		{AB97B912-1A52-48DF-8219-DCDFF5DA40B9}.Ad-Hoc|iPhone.ActiveCfg = Release|Any CPU
		{AB97B912-1A52-48DF-8219-DCDFF5DA40B9}.Ad-Hoc|iPhone.Build.0 = Release|Any CPU
		{AB97B912-1A52-48DF-8219-DCDFF5DA40B9}.Ad-Hoc|iPhoneSimulator.ActiveCfg = Release|Any CPU
		{AB97B912-1A52-48DF-8219-DCDFF5DA40B9}.Ad-Hoc|iPhoneSimulator.Build.0 = Release|Any CPU
		{AB97B912-1A52-48DF-8219-DCDFF5DA40B9}.Ad-Hoc|x64.ActiveCfg = Release|Any CPU
		{AB97B912-1A52-48DF-8219-DCDFF5DA40B9}.Ad-Hoc|x64.Build.0 = Release|Any CPU
		{AB97B912-1A52-48DF-8219-DCDFF5DA40B9}.Ad-Hoc|x86.ActiveCfg = Release|Any CPU
		{AB97B912-1A52-48DF-8219-DCDFF5DA40B9}.Ad-Hoc|x86.Build.0 = Release|Any CPU
		{AB97B912-1A52-48DF-8219-DCDFF5DA40B9}.AppStore|Any CPU.ActiveCfg = Release|Any CPU
		{AB97B912-1A52-48DF-8219-DCDFF5DA40B9}.AppStore|Any CPU.Build.0 = Release|Any CPU
		{AB97B912-1A52-48DF-8219-DCDFF5DA40B9}.AppStore|ARM.ActiveCfg = Release|Any CPU
		{AB97B912-1A52-48DF-8219-DCDFF5DA40B9}.AppStore|ARM.Build.0 = Release|Any CPU
		{AB97B912-1A52-48DF-8219-DCDFF5DA40B9}.AppStore|iPhone.ActiveCfg = Release|Any CPU
		{AB97B912-1A52-48DF-8219-DCDFF5DA40B9}.AppStore|iPhone.Build.0 = Release|Any CPU
		{AB97B912-1A52-48DF-8219-DCDFF5DA40B9}.AppStore|iPhoneSimulator.ActiveCfg = Release|Any CPU
		{AB97B912-1A52-48DF-8219-DCDFF5DA40B9}.AppStore|iPhoneSimulator.Build.0 = Release|Any CPU
		{AB97B912-1A52-48DF-8219-DCDFF5DA40B9}.AppStore|x64.ActiveCfg = Release|Any CPU
		{AB97B912-1A52-48DF-8219-DCDFF5DA40B9}.AppStore|x64.Build.0 = Release|Any CPU
		{AB97B912-1A52-48DF-8219-DCDFF5DA40B9}.AppStore|x86.ActiveCfg = Release|Any CPU
		{AB97B912-1A52-48DF-8219-DCDFF5DA40B9}.AppStore|x86.Build.0 = Release|Any CPU
		{AB97B912-1A52-48DF-8219-DCDFF5DA40B9}.Debug|Any CPU.ActiveCfg = Debug|Any CPU
		{AB97B912-1A52-48DF-8219-DCDFF5DA40B9}.Debug|Any CPU.Build.0 = Debug|Any CPU
		{AB97B912-1A52-48DF-8219-DCDFF5DA40B9}.Debug|ARM.ActiveCfg = Debug|Any CPU
		{AB97B912-1A52-48DF-8219-DCDFF5DA40B9}.Debug|ARM.Build.0 = Debug|Any CPU
		{AB97B912-1A52-48DF-8219-DCDFF5DA40B9}.Debug|iPhone.ActiveCfg = Debug|Any CPU
		{AB97B912-1A52-48DF-8219-DCDFF5DA40B9}.Debug|iPhone.Build.0 = Debug|Any CPU
		{AB97B912-1A52-48DF-8219-DCDFF5DA40B9}.Debug|iPhoneSimulator.ActiveCfg = Debug|Any CPU
		{AB97B912-1A52-48DF-8219-DCDFF5DA40B9}.Debug|iPhoneSimulator.Build.0 = Debug|Any CPU
		{AB97B912-1A52-48DF-8219-DCDFF5DA40B9}.Debug|x64.ActiveCfg = Debug|Any CPU
		{AB97B912-1A52-48DF-8219-DCDFF5DA40B9}.Debug|x64.Build.0 = Debug|Any CPU
		{AB97B912-1A52-48DF-8219-DCDFF5DA40B9}.Debug|x86.ActiveCfg = Debug|Any CPU
		{AB97B912-1A52-48DF-8219-DCDFF5DA40B9}.Debug|x86.Build.0 = Debug|Any CPU
		{AB97B912-1A52-48DF-8219-DCDFF5DA40B9}.Release|Any CPU.ActiveCfg = Release|Any CPU
		{AB97B912-1A52-48DF-8219-DCDFF5DA40B9}.Release|Any CPU.Build.0 = Release|Any CPU
		{AB97B912-1A52-48DF-8219-DCDFF5DA40B9}.Release|ARM.ActiveCfg = Release|Any CPU
		{AB97B912-1A52-48DF-8219-DCDFF5DA40B9}.Release|ARM.Build.0 = Release|Any CPU
		{AB97B912-1A52-48DF-8219-DCDFF5DA40B9}.Release|iPhone.ActiveCfg = Release|Any CPU
		{AB97B912-1A52-48DF-8219-DCDFF5DA40B9}.Release|iPhone.Build.0 = Release|Any CPU
		{AB97B912-1A52-48DF-8219-DCDFF5DA40B9}.Release|iPhoneSimulator.ActiveCfg = Release|Any CPU
		{AB97B912-1A52-48DF-8219-DCDFF5DA40B9}.Release|iPhoneSimulator.Build.0 = Release|Any CPU
		{AB97B912-1A52-48DF-8219-DCDFF5DA40B9}.Release|x64.ActiveCfg = Release|Any CPU
		{AB97B912-1A52-48DF-8219-DCDFF5DA40B9}.Release|x64.Build.0 = Release|Any CPU
		{AB97B912-1A52-48DF-8219-DCDFF5DA40B9}.Release|x86.ActiveCfg = Release|Any CPU
		{AB97B912-1A52-48DF-8219-DCDFF5DA40B9}.Release|x86.Build.0 = Release|Any CPU
	EndGlobalSection
	GlobalSection(SolutionProperties) = preSolution
		HideSolutionNode = FALSE
	EndGlobalSection
	GlobalSection(ExtensibilityGlobals) = postSolution
		SolutionGuid = {10620766-45A3-4CA7-9687-088E54F52C8C}
	EndGlobalSection
EndGlobal
